
Microsoft Visual Studio Solution File, Format Version 12.00
# Visual Studio Version 17
VisualStudioVersion = 17.7.34024.191
MinimumVisualStudioVersion = 10.0.40219.1
Project("{FAE04EC0-301F-11D3-BF4B-00C04F79EFBC}") = "WPF Tutorial", "WPF Tutorial\WPF Tutorial.csproj", "{31B5A125-4C44-40DF-8479-0A3AE79BFD4F}"
EndProject
Global
	GlobalSection(SolutionConfigurationPlatforms) = preSolution
		Debug|Any CPU = Debug|Any CPU
		Release|Any CPU = Release|Any CPU
	EndGlobalSection
	GlobalSection(ProjectConfigurationPlatforms) = postSolution
		{31B5A125-4C44-40DF-8479-0A3AE79BFD4F}.Debug|Any CPU.ActiveCfg = Debug|Any CPU
		{31B5A125-4C44-40DF-8479-0A3AE79BFD4F}.Debug|Any CPU.Build.0 = Debug|Any CPU
		{31B5A125-4C44-40DF-8479-0A3AE79BFD4F}.Release|Any CPU.ActiveCfg = Release|Any CPU
		{31B5A125-4C44-40DF-8479-0A3AE79BFD4F}.Release|Any CPU.Build.0 = Release|Any CPU
	EndGlobalSection
	GlobalSection(SolutionProperties) = preSolution
		HideSolutionNode = FALSE
	EndGlobalSection
	GlobalSection(ExtensibilityGlobals) = postSolution
		SolutionGuid = {E81BE5E5-2094-485C-94FB-30FECFCE92D0}
	EndGlobalSection
EndGlobal
